{
    "version": 3,
    "terraform_version": "0.11.10",
    "serial": 4,
    "lineage": "912e8229-1745-3123-5649-0bc15710d767",
    "modules": [
        {
            "path": [
                "root"
            ],
            "outputs": {
                "vpc_cidr": {
                    "sensitive": false,
                    "type": "string",
                    "value": "10.0.0.0/16"
                }
            },
            "resources": {
                "aws_vpc.MyVPC": {
                    "type": "aws_vpc",
                    "depends_on": [],
                    "primary": {
                        "id": "vpc-0cad8c2bdf53302ec",
                        "attributes": {
                            "arn": "arn:aws:ec2:ap-south-1:368371922298:vpc/vpc-0cad8c2bdf53302ec",
                            "assign_generated_ipv6_cidr_block": "false",
                            "cidr_block": "10.0.0.0/16",
                            "default_network_acl_id": "acl-0ff2f3b90bce2a3d9",
                            "default_route_table_id": "rtb-075ce510934524f14",
                            "default_security_group_id": "sg-0f280c7937143d4b3",
                            "dhcp_options_id": "dopt-dce208b7",
                            "enable_dns_hostnames": "false",
                            "enable_dns_support": "true",
                            "id": "vpc-0cad8c2bdf53302ec",
                            "instance_tenancy": "dedicated",
                            "ipv6_association_id": "",
                            "ipv6_cidr_block": "",
                            "main_route_table_id": "rtb-075ce510934524f14",
                            "owner_id": "368371922298",
                            "tags.%": "2",
                            "tags.Environment": "Dev",
                            "tags.Name": "JavaHomeVpc"
                        },
                        "meta": {
                            "schema_version": "1"
                        },
                        "tainted": false
                    },
                    "deposed": [],
                    "provider": "provider.aws"
                }
            },
            "depends_on": []
        }
    ]
}
